<?xml version="1.0" encoding="utf-8"?>
<Project ToolsVersion="4.0" xmlns="http://schemas.microsoft.com/developer/msbuild/2003">
  <ItemGroup>
    <ClCompile Include="DrawApple.cpp" />
    <ClCompile Include="End.cpp" />
    <ClCompile Include="fps.cpp" />
    <ClCompile Include="Keyboard.cpp" />
    <ClCompile Include="Help.cpp" />
    <ClCompile Include="main.cpp" />
    <ClCompile Include="PadInput.cpp" />
    <ClCompile Include="Player.cpp" />
    <ClCompile Include="Ranking.cpp" />
    <ClCompile Include="Result.cpp" />
    <ClCompile Include="Title.cpp" />
  </ItemGroup>
  <ItemGroup>
    <ClInclude Include="DrawApple.h" />
    <ClInclude Include="FPS.h" />
    <ClInclude Include="infomation.h" />
    <ClInclude Include="InputControl.h" />
    <ClInclude Include="Keyboard.h" />
    <ClInclude Include="PadInput.h" />
    <ClInclude Include="End.h" />
    <ClInclude Include="Help.h" />
    <ClInclude Include="Player.h" />
    <ClInclude Include="Ranking.h" />
    <ClInclude Include="Resalt.h" />
    <ClInclude Include="Result.h" />
    <ClInclude Include="Title.h" />
  </ItemGroup>
</Project>